
Microsoft Visual Studio Solution File, Format Version 12.00
# Visual Studio 15
VisualStudioVersion = 15.0.27703.2035
MinimumVisualStudioVersion = 10.0.40219.1
Project("{FAE04EC0-301F-11D3-BF4B-00C04F79EFBC}") = "ExcelDemo", "ExcelDemo\ExcelDemo.csproj", "{CF17E01E-D813-430A-B577-65F655FFC893}"
EndProject
Global
	GlobalSection(SolutionConfigurationPlatforms) = preSolution
		Debug|Any CPU = Debug|Any CPU
		Release|Any CPU = Release|Any CPU
	EndGlobalSection
	GlobalSection(ProjectConfigurationPlatforms) = postSolution
		{CF17E01E-D813-430A-B577-65F655FFC893}.Debug|Any CPU.ActiveCfg = Debug|Any CPU
		{CF17E01E-D813-430A-B577-65F655FFC893}.Debug|Any CPU.Build.0 = Debug|Any CPU
		{CF17E01E-D813-430A-B577-65F655FFC893}.Release|Any CPU.ActiveCfg = Release|Any CPU
		{CF17E01E-D813-430A-B577-65F655FFC893}.Release|Any CPU.Build.0 = Release|Any CPU
	EndGlobalSection
	GlobalSection(SolutionProperties) = preSolution
		HideSolutionNode = FALSE
	EndGlobalSection
	GlobalSection(ExtensibilityGlobals) = postSolution
		SolutionGuid = {EAA40EC3-3E9B-494B-B8C3-0DF5207ADA88}
	EndGlobalSection
EndGlobal
